
Microsoft Visual Studio Solution File, Format Version 12.00
# Visual Studio 15
VisualStudioVersion = 15.0.28307.136
MinimumVisualStudioVersion = 10.0.40219.1
Project("{FAE04EC0-301F-11D3-BF4B-00C04F79EFBC}") = "Abbreviate Map Street Names", "Abbreviate Map Street Names\Abbreviate Map Street Names.csproj", "{B719E78E-4F6A-4A9B-94B0-C6506D9A8AE7}"
EndProject
Global
	GlobalSection(SolutionConfigurationPlatforms) = preSolution
		Debug|Any CPU = Debug|Any CPU
		Release|Any CPU = Release|Any CPU
	EndGlobalSection
	GlobalSection(ProjectConfigurationPlatforms) = postSolution
		{B719E78E-4F6A-4A9B-94B0-C6506D9A8AE7}.Debug|Any CPU.ActiveCfg = Debug|Any CPU
		{B719E78E-4F6A-4A9B-94B0-C6506D9A8AE7}.Debug|Any CPU.Build.0 = Debug|Any CPU
		{B719E78E-4F6A-4A9B-94B0-C6506D9A8AE7}.Release|Any CPU.ActiveCfg = Release|Any CPU
		{B719E78E-4F6A-4A9B-94B0-C6506D9A8AE7}.Release|Any CPU.Build.0 = Release|Any CPU
	EndGlobalSection
	GlobalSection(SolutionProperties) = preSolution
		HideSolutionNode = FALSE
	EndGlobalSection
	GlobalSection(ExtensibilityGlobals) = postSolution
		SolutionGuid = {AD0EFD4E-9A46-4678-BD52-42B7C9C91AEC}
	EndGlobalSection
EndGlobal
